
Microsoft Visual Studio Solution File, Format Version 12.00
# Visual Studio Version 16
VisualStudioVersion = 16.0.32106.194
MinimumVisualStudioVersion = 10.0.40219.1
Project("{FAE04EC0-301F-11D3-BF4B-00C04F79EFBC}") = "CRUD1", "CRUD1\CRUD1.csproj", "{865409A5-4175-43F3-B4AD-31A6CF48A6D4}"
EndProject
Global
	GlobalSection(SolutionConfigurationPlatforms) = preSolution
		Debug|Any CPU = Debug|Any CPU
		Release|Any CPU = Release|Any CPU
	EndGlobalSection
	GlobalSection(ProjectConfigurationPlatforms) = postSolution
		{865409A5-4175-43F3-B4AD-31A6CF48A6D4}.Debug|Any CPU.ActiveCfg = Debug|Any CPU
		{865409A5-4175-43F3-B4AD-31A6CF48A6D4}.Debug|Any CPU.Build.0 = Debug|Any CPU
		{865409A5-4175-43F3-B4AD-31A6CF48A6D4}.Release|Any CPU.ActiveCfg = Release|Any CPU
		{865409A5-4175-43F3-B4AD-31A6CF48A6D4}.Release|Any CPU.Build.0 = Release|Any CPU
	EndGlobalSection
	GlobalSection(SolutionProperties) = preSolution
		HideSolutionNode = FALSE
	EndGlobalSection
	GlobalSection(ExtensibilityGlobals) = postSolution
		SolutionGuid = {0FDD569D-4A58-406C-A19F-A86980426CBB}
	EndGlobalSection
EndGlobal
